
Microsoft Visual Studio Solution File, Format Version 12.00
# Visual Studio Version 16
VisualStudioVersion = 16.0.30523.141
MinimumVisualStudioVersion = 10.0.40219.1
Project("{FAE04EC0-301F-11D3-BF4B-00C04F79EFBC}") = "MovieSqlCodeFirst", "MovieSqlCodeFirst\MovieSqlCodeFirst.csproj", "{71F55BB3-17D4-4433-A1BB-7B1186A424CC}"
EndProject
Global
	GlobalSection(SolutionConfigurationPlatforms) = preSolution
		Debug|Any CPU = Debug|Any CPU
		Release|Any CPU = Release|Any CPU
	EndGlobalSection
	GlobalSection(ProjectConfigurationPlatforms) = postSolution
		{71F55BB3-17D4-4433-A1BB-7B1186A424CC}.Debug|Any CPU.ActiveCfg = Debug|Any CPU
		{71F55BB3-17D4-4433-A1BB-7B1186A424CC}.Debug|Any CPU.Build.0 = Debug|Any CPU
		{71F55BB3-17D4-4433-A1BB-7B1186A424CC}.Release|Any CPU.ActiveCfg = Release|Any CPU
		{71F55BB3-17D4-4433-A1BB-7B1186A424CC}.Release|Any CPU.Build.0 = Release|Any CPU
	EndGlobalSection
	GlobalSection(SolutionProperties) = preSolution
		HideSolutionNode = FALSE
	EndGlobalSection
	GlobalSection(ExtensibilityGlobals) = postSolution
		SolutionGuid = {FF3B8FBF-7DE5-4248-8FB8-77C01F5C2CF6}
	EndGlobalSection
EndGlobal
